{
  "object": {
    "pins": [
      {
        "package": "SPMNetworkRepository",
        "repositoryURL": "https://github.com/bonny17/SPMNetworkRepository.git",
        "state": {
          "branch": null,
          "revision": "52fa1e306135cddb04ebf6d65f857d4a9f879d4c",
          "version": "1.0.0"
        }
      }
    ]
  },
  "version": 1
}
