{
  "object": {
    "pins": [
      {
        "package": "SPMNetworkRepository",
        "repositoryURL": "https://github.com/bonny17/SPMNetworkRepository.git",
        "state": {
          "branch": null,
          "revision": "e324a2c14966eec7a9fe996bdc75121b7e542acb",
          "version": "1.0.5"
        }
      }
    ]
  },
  "version": 1
}
